
Microsoft Visual Studio Solution File, Format Version 12.00
# Visual Studio Version 17
VisualStudioVersion = 17.14.36511.14 d17.14
MinimumVisualStudioVersion = 10.0.40219.1
Project("{FAE04EC0-301F-11D3-BF4B-00C04F79EFBC}") = "MiniSupermarket.API", "MiniSupermarket.API.csproj", "{953C3A34-2854-46AF-A519-0F5C83D42177}"
EndProject
Project("{FAE04EC0-301F-11D3-BF4B-00C04F79EFBC}") = "MiniSupermarket.Winforms", "..\MiniSupermarket.Winforms\MiniSupermarket.Winforms.csproj", "{3637A15E-C84E-4E9C-81A7-E8E09A4E44FF}"
EndProject
Global
	GlobalSection(SolutionConfigurationPlatforms) = preSolution
		Debug|Any CPU = Debug|Any CPU
		Release|Any CPU = Release|Any CPU
	EndGlobalSection
	GlobalSection(ProjectConfigurationPlatforms) = postSolution
		{953C3A34-2854-46AF-A519-0F5C83D42177}.Debug|Any CPU.ActiveCfg = Debug|Any CPU
		{953C3A34-2854-46AF-A519-0F5C83D42177}.Debug|Any CPU.Build.0 = Debug|Any CPU
		{953C3A34-2854-46AF-A519-0F5C83D42177}.Release|Any CPU.ActiveCfg = Release|Any CPU
		{953C3A34-2854-46AF-A519-0F5C83D42177}.Release|Any CPU.Build.0 = Release|Any CPU
		{3637A15E-C84E-4E9C-81A7-E8E09A4E44FF}.Debug|Any CPU.ActiveCfg = Debug|Any CPU
		{3637A15E-C84E-4E9C-81A7-E8E09A4E44FF}.Debug|Any CPU.Build.0 = Debug|Any CPU
		{3637A15E-C84E-4E9C-81A7-E8E09A4E44FF}.Release|Any CPU.ActiveCfg = Release|Any CPU
		{3637A15E-C84E-4E9C-81A7-E8E09A4E44FF}.Release|Any CPU.Build.0 = Release|Any CPU
	EndGlobalSection
	GlobalSection(SolutionProperties) = preSolution
		HideSolutionNode = FALSE
	EndGlobalSection
	GlobalSection(ExtensibilityGlobals) = postSolution
		SolutionGuid = {CA736489-3249-43DB-9931-5D6445E69BCA}
	EndGlobalSection
EndGlobal
